
Microsoft Visual Studio Solution File, Format Version 12.00
# Visual Studio Version 16
VisualStudioVersion = 16.0.30413.136
MinimumVisualStudioVersion = 10.0.40219.1
Project("{FAE04EC0-301F-11D3-BF4B-00C04F79EFBC}") = "AIM.ElevatorControl", "AIM.ElevatorControl\AIM.ElevatorControl.csproj", "{4510F41A-AD79-4F91-B398-C90AAAB1AC28}"
EndProject
Project("{FAE04EC0-301F-11D3-BF4B-00C04F79EFBC}") = "AIM.ElevatorControl.Tests", "AIM.ElevatorControl.Tests\AIM.ElevatorControl.Tests.csproj", "{C0E9637C-57B3-41A1-9802-026F605F147C}"
EndProject
Global
	GlobalSection(SolutionConfigurationPlatforms) = preSolution
		Debug|Any CPU = Debug|Any CPU
		Release|Any CPU = Release|Any CPU
	EndGlobalSection
	GlobalSection(ProjectConfigurationPlatforms) = postSolution
		{4510F41A-AD79-4F91-B398-C90AAAB1AC28}.Debug|Any CPU.ActiveCfg = Debug|Any CPU
		{4510F41A-AD79-4F91-B398-C90AAAB1AC28}.Debug|Any CPU.Build.0 = Debug|Any CPU
		{4510F41A-AD79-4F91-B398-C90AAAB1AC28}.Release|Any CPU.ActiveCfg = Release|Any CPU
		{4510F41A-AD79-4F91-B398-C90AAAB1AC28}.Release|Any CPU.Build.0 = Release|Any CPU
		{C0E9637C-57B3-41A1-9802-026F605F147C}.Debug|Any CPU.ActiveCfg = Debug|Any CPU
		{C0E9637C-57B3-41A1-9802-026F605F147C}.Debug|Any CPU.Build.0 = Debug|Any CPU
		{C0E9637C-57B3-41A1-9802-026F605F147C}.Release|Any CPU.ActiveCfg = Release|Any CPU
		{C0E9637C-57B3-41A1-9802-026F605F147C}.Release|Any CPU.Build.0 = Release|Any CPU
	EndGlobalSection
	GlobalSection(SolutionProperties) = preSolution
		HideSolutionNode = FALSE
	EndGlobalSection
	GlobalSection(ExtensibilityGlobals) = postSolution
		SolutionGuid = {10FCA3C1-CD57-4094-A5F4-80995A183DA3}
	EndGlobalSection
EndGlobal
